
Microsoft Visual Studio Solution File, Format Version 12.00
# Visual Studio Version 16
VisualStudioVersion = 16.0.29009.5
MinimumVisualStudioVersion = 10.0.40219.1
Project("{9A19103F-16F7-4668-BE54-9A1E7A4F7556}") = "MongoDB_Example", "MongoDB_Example\MongoDB_Example.csproj", "{DD9387BC-9A3E-48DE-9014-D835FA6F5D01}"
EndProject
Global
	GlobalSection(SolutionConfigurationPlatforms) = preSolution
		Debug|Any CPU = Debug|Any CPU
		Release|Any CPU = Release|Any CPU
	EndGlobalSection
	GlobalSection(ProjectConfigurationPlatforms) = postSolution
		{DD9387BC-9A3E-48DE-9014-D835FA6F5D01}.Debug|Any CPU.ActiveCfg = Debug|Any CPU
		{DD9387BC-9A3E-48DE-9014-D835FA6F5D01}.Debug|Any CPU.Build.0 = Debug|Any CPU
		{DD9387BC-9A3E-48DE-9014-D835FA6F5D01}.Release|Any CPU.ActiveCfg = Release|Any CPU
		{DD9387BC-9A3E-48DE-9014-D835FA6F5D01}.Release|Any CPU.Build.0 = Release|Any CPU
	EndGlobalSection
	GlobalSection(SolutionProperties) = preSolution
		HideSolutionNode = FALSE
	EndGlobalSection
	GlobalSection(ExtensibilityGlobals) = postSolution
		SolutionGuid = {280E5A7C-0781-40BD-9B37-ABFCEA0226C8}
	EndGlobalSection
EndGlobal
